{
    "name": "oops-framework",
    "version": "2.0.0.20241118",
    "lockfileVersion": 3,
    "requires": true,
    "packages": {
        "": {
            "name": "oops-framework",
            "version": "2.0.0.20241118",
            "license": "MIT",
            "dependencies": {
                "axios": "^1.7.7",
                "fs-extra": "^10.0.0",
                "systeminformation": "^5.23.5",
                "vue": "^3.1.4"
            },
            "devDependencies": {
                "@cocos/creator-types": "^3.8.2",
                "@types/fs-extra": "^9.0.5",
                "@types/node": "^20.16.12",
                "typedoc": "^0.23.24",
                "typescript": "^4.8.2"
            }
        },
        "node_modules/@babel/helper-string-parser": {
            "version": "7.25.7",
            "resolved": "https://mirrors.cloud.tencent.com/npm/@babel/helper-string-parser/-/helper-string-parser-7.25.7.tgz",
            "integrity": "sha512-CbkjYdsJNHFk8uqpEkpCvRs3YRp9tY6FmFY7wLMSYuGYkrdUi7r2lc4/wqsvlHoMznX3WJ9IP8giGPq68T/Y6g==",
            "engines": {
                "node": ">=6.9.0"
            }
        },
        "node_modules/@babel/helper-validator-identifier": {
            "version": "7.25.7",
            "resolved": "https://mirrors.cloud.tencent.com/npm/@babel/helper-validator-identifier/-/helper-validator-identifier-7.25.7.tgz",
            "integrity": "sha512-AM6TzwYqGChO45oiuPqwL2t20/HdMC1rTPAesnBCgPCSF1x3oN9MVUwQV2iyz4xqWrctwK5RNC8LV22kaQCNYg==",
            "engines": {
                "node": ">=6.9.0"
            }
        },
        "node_modules/@babel/parser": {
            "version": "7.25.8",
            "resolved": "https://mirrors.cloud.tencent.com/npm/@babel/parser/-/parser-7.25.8.tgz",
            "integrity": "sha512-HcttkxzdPucv3nNFmfOOMfFf64KgdJVqm1KaCm25dPGMLElo9nsLvXeJECQg8UzPuBGLyTSA0ZzqCtDSzKTEoQ==",
            "dependencies": {
                "@babel/types": "^7.25.8"
            },
            "bin": {
                "parser": "bin/babel-parser.js"
            },
            "engines": {
                "node": ">=6.0.0"
            }
        },
        "node_modules/@babel/types": {
            "version": "7.25.8",
            "resolved": "https://mirrors.cloud.tencent.com/npm/@babel/types/-/types-7.25.8.tgz",
            "integrity": "sha512-JWtuCu8VQsMladxVz/P4HzHUGCAwpuqacmowgXFs5XjxIgKuNjnLokQzuVjlTvIzODaDmpjT3oxcC48vyk9EWg==",
            "dependencies": {
                "@babel/helper-string-parser": "^7.25.7",
                "@babel/helper-validator-identifier": "^7.25.7",
                "to-fast-properties": "^2.0.0"
            },
            "engines": {
                "node": ">=6.9.0"
            }
        },
        "node_modules/@cocos/creator-types": {
            "version": "3.8.4",
            "resolved": "https://mirrors.cloud.tencent.com/npm/@cocos/creator-types/-/creator-types-3.8.4.tgz",
            "integrity": "sha512-z+8qx726Zl/8rUUpbLjVAiNPn4XweRACEaY1vHeR3EHIcSQ9wtFlIFd2SZX5rOE8lt1S95nxv8OeLYXfbN4/2Q==",
            "dev": true
        },
        "node_modules/@jridgewell/sourcemap-codec": {
            "version": "1.5.0",
            "resolved": "https://mirrors.cloud.tencent.com/npm/@jridgewell/sourcemap-codec/-/sourcemap-codec-1.5.0.tgz",
            "integrity": "sha512-gv3ZRaISU3fjPAgNsriBRqGWQL6quFx04YMPW/zD8XMLsU32mhCCbfbO6KZFLjvYpCZ8zyDEgqsgf+PwPaM7GQ=="
        },
        "node_modules/@types/fs-extra": {
            "version": "9.0.13",
            "resolved": "https://mirrors.cloud.tencent.com/npm/@types/fs-extra/-/fs-extra-9.0.13.tgz",
            "integrity": "sha512-nEnwB++1u5lVDM2UI4c1+5R+FYaKfaAzS4OococimjVm3nQw3TuzH5UNsocrcTBbhnerblyHj4A49qXbIiZdpA==",
            "dev": true,
            "dependencies": {
                "@types/node": "*"
            }
        },
        "node_modules/@types/node": {
            "version": "20.16.13",
            "resolved": "https://mirrors.cloud.tencent.com/npm/@types/node/-/node-20.16.13.tgz",
            "integrity": "sha512-GjQ7im10B0labo8ZGXDGROUl9k0BNyDgzfGpb4g/cl+4yYDWVKcozANF4FGr4/p0O/rAkQClM6Wiwkije++1Tg==",
            "dev": true,
            "dependencies": {
                "undici-types": "~6.19.2"
            }
        },
        "node_modules/@vue/compiler-core": {
            "version": "3.5.12",
            "resolved": "https://mirrors.cloud.tencent.com/npm/@vue/compiler-core/-/compiler-core-3.5.12.tgz",
            "integrity": "sha512-ISyBTRMmMYagUxhcpyEH0hpXRd/KqDU4ymofPgl2XAkY9ZhQ+h0ovEZJIiPop13UmR/54oA2cgMDjgroRelaEw==",
            "dependencies": {
                "@babel/parser": "^7.25.3",
                "@vue/shared": "3.5.12",
                "entities": "^4.5.0",
                "estree-walker": "^2.0.2",
                "source-map-js": "^1.2.0"
            }
        },
        "node_modules/@vue/compiler-dom": {
            "version": "3.5.12",
            "resolved": "https://mirrors.cloud.tencent.com/npm/@vue/compiler-dom/-/compiler-dom-3.5.12.tgz",
            "integrity": "sha512-9G6PbJ03uwxLHKQ3P42cMTi85lDRvGLB2rSGOiQqtXELat6uI4n8cNz9yjfVHRPIu+MsK6TE418Giruvgptckg==",
            "dependencies": {
                "@vue/compiler-core": "3.5.12",
                "@vue/shared": "3.5.12"
            }
        },
        "node_modules/@vue/compiler-sfc": {
            "version": "3.5.12",
            "resolved": "https://mirrors.cloud.tencent.com/npm/@vue/compiler-sfc/-/compiler-sfc-3.5.12.tgz",
            "integrity": "sha512-2k973OGo2JuAa5+ZlekuQJtitI5CgLMOwgl94BzMCsKZCX/xiqzJYzapl4opFogKHqwJk34vfsaKpfEhd1k5nw==",
            "dependencies": {
                "@babel/parser": "^7.25.3",
                "@vue/compiler-core": "3.5.12",
                "@vue/compiler-dom": "3.5.12",
                "@vue/compiler-ssr": "3.5.12",
                "@vue/shared": "3.5.12",
                "estree-walker": "^2.0.2",
                "magic-string": "^0.30.11",
                "postcss": "^8.4.47",
                "source-map-js": "^1.2.0"
            }
        },
        "node_modules/@vue/compiler-ssr": {
            "version": "3.5.12",
            "resolved": "https://mirrors.cloud.tencent.com/npm/@vue/compiler-ssr/-/compiler-ssr-3.5.12.tgz",
            "integrity": "sha512-eLwc7v6bfGBSM7wZOGPmRavSWzNFF6+PdRhE+VFJhNCgHiF8AM7ccoqcv5kBXA2eWUfigD7byekvf/JsOfKvPA==",
            "dependencies": {
                "@vue/compiler-dom": "3.5.12",
                "@vue/shared": "3.5.12"
            }
        },
        "node_modules/@vue/reactivity": {
            "version": "3.5.12",
            "resolved": "https://mirrors.cloud.tencent.com/npm/@vue/reactivity/-/reactivity-3.5.12.tgz",
            "integrity": "sha512-UzaN3Da7xnJXdz4Okb/BGbAaomRHc3RdoWqTzlvd9+WBR5m3J39J1fGcHes7U3za0ruYn/iYy/a1euhMEHvTAg==",
            "dependencies": {
                "@vue/shared": "3.5.12"
            }
        },
        "node_modules/@vue/runtime-core": {
            "version": "3.5.12",
            "resolved": "https://mirrors.cloud.tencent.com/npm/@vue/runtime-core/-/runtime-core-3.5.12.tgz",
            "integrity": "sha512-hrMUYV6tpocr3TL3Ad8DqxOdpDe4zuQY4HPY3X/VRh+L2myQO8MFXPAMarIOSGNu0bFAjh1yBkMPXZBqCk62Uw==",
            "dependencies": {
                "@vue/reactivity": "3.5.12",
                "@vue/shared": "3.5.12"
            }
        },
        "node_modules/@vue/runtime-dom": {
            "version": "3.5.12",
            "resolved": "https://mirrors.cloud.tencent.com/npm/@vue/runtime-dom/-/runtime-dom-3.5.12.tgz",
            "integrity": "sha512-q8VFxR9A2MRfBr6/55Q3umyoN7ya836FzRXajPB6/Vvuv0zOPL+qltd9rIMzG/DbRLAIlREmnLsplEF/kotXKA==",
            "dependencies": {
                "@vue/reactivity": "3.5.12",
                "@vue/runtime-core": "3.5.12",
                "@vue/shared": "3.5.12",
                "csstype": "^3.1.3"
            }
        },
        "node_modules/@vue/server-renderer": {
            "version": "3.5.12",
            "resolved": "https://mirrors.cloud.tencent.com/npm/@vue/server-renderer/-/server-renderer-3.5.12.tgz",
            "integrity": "sha512-I3QoeDDeEPZm8yR28JtY+rk880Oqmj43hreIBVTicisFTx/Dl7JpG72g/X7YF8hnQD3IFhkky5i2bPonwrTVPg==",
            "dependencies": {
                "@vue/compiler-ssr": "3.5.12",
                "@vue/shared": "3.5.12"
            },
            "peerDependencies": {
                "vue": "3.5.12"
            }
        },
        "node_modules/@vue/shared": {
            "version": "3.5.12",
            "resolved": "https://mirrors.cloud.tencent.com/npm/@vue/shared/-/shared-3.5.12.tgz",
            "integrity": "sha512-L2RPSAwUFbgZH20etwrXyVyCBu9OxRSi8T/38QsvnkJyvq2LufW2lDCOzm7t/U9C1mkhJGWYfCuFBCmIuNivrg=="
        },
        "node_modules/ansi-sequence-parser": {
            "version": "1.1.1",
            "resolved": "https://mirrors.cloud.tencent.com/npm/ansi-sequence-parser/-/ansi-sequence-parser-1.1.1.tgz",
            "integrity": "sha512-vJXt3yiaUL4UU546s3rPXlsry/RnM730G1+HkpKE012AN0sx1eOrxSu95oKDIonskeLTijMgqWZ3uDEe3NFvyg==",
            "dev": true
        },
        "node_modules/asynckit": {
            "version": "0.4.0",
            "resolved": "https://mirrors.cloud.tencent.com/npm/asynckit/-/asynckit-0.4.0.tgz",
            "integrity": "sha512-Oei9OH4tRh0YqU3GxhX79dM/mwVgvbZJaSNaRk+bshkj0S5cfHcgYakreBjrHwatXKbz+IoIdYLxrKim2MjW0Q=="
        },
        "node_modules/axios": {
            "version": "1.7.7",
            "resolved": "https://mirrors.cloud.tencent.com/npm/axios/-/axios-1.7.7.tgz",
            "integrity": "sha512-S4kL7XrjgBmvdGut0sN3yJxqYzrDOnivkBiN0OFs6hLiUam3UPvswUo0kqGyhqUZGEOytHyumEdXsAkgCOUf3Q==",
            "dependencies": {
                "follow-redirects": "^1.15.6",
                "form-data": "^4.0.0",
                "proxy-from-env": "^1.1.0"
            }
        },
        "node_modules/balanced-match": {
            "version": "1.0.2",
            "resolved": "https://mirrors.cloud.tencent.com/npm/balanced-match/-/balanced-match-1.0.2.tgz",
            "integrity": "sha512-3oSeUO0TMV67hN1AmbXsK4yaqU7tjiHlbxRDZOpH0KW9+CeX4bRAaX0Anxt0tx2MrpRpWwQaPwIlISEJhYU5Pw==",
            "dev": true
        },
        "node_modules/brace-expansion": {
            "version": "2.0.1",
            "resolved": "https://mirrors.cloud.tencent.com/npm/brace-expansion/-/brace-expansion-2.0.1.tgz",
            "integrity": "sha512-XnAIvQ8eM+kC6aULx6wuQiwVsnzsi9d3WxzV3FpWTGA19F621kwdbsAcFKXgKUHZWsy+mY6iL1sHTxWEFCytDA==",
            "dev": true,
            "dependencies": {
                "balanced-match": "^1.0.0"
            }
        },
        "node_modules/combined-stream": {
            "version": "1.0.8",
            "resolved": "https://mirrors.cloud.tencent.com/npm/combined-stream/-/combined-stream-1.0.8.tgz",
            "integrity": "sha512-FQN4MRfuJeHf7cBbBMJFXhKSDq+2kAArBlmRBvcvFE5BB1HZKXtSFASDhdlz9zOYwxh8lDdnvmMOe/+5cdoEdg==",
            "dependencies": {
                "delayed-stream": "~1.0.0"
            },
            "engines": {
                "node": ">= 0.8"
            }
        },
        "node_modules/csstype": {
            "version": "3.1.3",
            "resolved": "https://mirrors.cloud.tencent.com/npm/csstype/-/csstype-3.1.3.tgz",
            "integrity": "sha512-M1uQkMl8rQK/szD0LNhtqxIPLpimGm8sOBwU7lLnCpSbTyY3yeU1Vc7l4KT5zT4s/yOxHH5O7tIuuLOCnLADRw=="
        },
        "node_modules/delayed-stream": {
            "version": "1.0.0",
            "resolved": "https://mirrors.cloud.tencent.com/npm/delayed-stream/-/delayed-stream-1.0.0.tgz",
            "integrity": "sha512-ZySD7Nf91aLB0RxL4KGrKHBXl7Eds1DAmEdcoVawXnLD7SDhpNgtuII2aAkg7a7QS41jxPSZ17p4VdGnMHk3MQ==",
            "engines": {
                "node": ">=0.4.0"
            }
        },
        "node_modules/entities": {
            "version": "4.5.0",
            "resolved": "https://mirrors.cloud.tencent.com/npm/entities/-/entities-4.5.0.tgz",
            "integrity": "sha512-V0hjH4dGPh9Ao5p0MoRY6BVqtwCjhz6vI5LT8AJ55H+4g9/4vbHx1I54fS0XuclLhDHArPQCiMjDxjaL8fPxhw==",
            "engines": {
                "node": ">=0.12"
            },
            "funding": {
                "url": "https://github.com/fb55/entities?sponsor=1"
            }
        },
        "node_modules/estree-walker": {
            "version": "2.0.2",
            "resolved": "https://mirrors.cloud.tencent.com/npm/estree-walker/-/estree-walker-2.0.2.tgz",
            "integrity": "sha512-Rfkk/Mp/DL7JVje3u18FxFujQlTNR2q6QfMSMB7AvCBx91NGj/ba3kCfza0f6dVDbw7YlRf/nDrn7pQrCCyQ/w=="
        },
        "node_modules/follow-redirects": {
            "version": "1.15.9",
            "resolved": "https://mirrors.cloud.tencent.com/npm/follow-redirects/-/follow-redirects-1.15.9.tgz",
            "integrity": "sha512-gew4GsXizNgdoRyqmyfMHyAmXsZDk6mHkSxZFCzW9gwlbtOW44CDtYavM+y+72qD/Vq2l550kMF52DT8fOLJqQ==",
            "funding": [
                {
                    "type": "individual",
                    "url": "https://github.com/sponsors/RubenVerborgh"
                }
            ],
            "engines": {
                "node": ">=4.0"
            },
            "peerDependenciesMeta": {
                "debug": {
                    "optional": true
                }
            }
        },
        "node_modules/form-data": {
            "version": "4.0.1",
            "resolved": "https://mirrors.cloud.tencent.com/npm/form-data/-/form-data-4.0.1.tgz",
            "integrity": "sha512-tzN8e4TX8+kkxGPK8D5u0FNmjPUjw3lwC9lSLxxoB/+GtsJG91CO8bSWy73APlgAZzZbXEYZJuxjkHH2w+Ezhw==",
            "dependencies": {
                "asynckit": "^0.4.0",
                "combined-stream": "^1.0.8",
                "mime-types": "^2.1.12"
            },
            "engines": {
                "node": ">= 6"
            }
        },
        "node_modules/fs-extra": {
            "version": "10.1.0",
            "resolved": "https://mirrors.cloud.tencent.com/npm/fs-extra/-/fs-extra-10.1.0.tgz",
            "integrity": "sha512-oRXApq54ETRj4eMiFzGnHWGy+zo5raudjuxN0b8H7s/RU2oW0Wvsx9O0ACRN/kRq9E8Vu/ReskGB5o3ji+FzHQ==",
            "dependencies": {
                "graceful-fs": "^4.2.0",
                "jsonfile": "^6.0.1",
                "universalify": "^2.0.0"
            },
            "engines": {
                "node": ">=12"
            }
        },
        "node_modules/graceful-fs": {
            "version": "4.2.11",
            "resolved": "https://mirrors.cloud.tencent.com/npm/graceful-fs/-/graceful-fs-4.2.11.tgz",
            "integrity": "sha512-RbJ5/jmFcNNCcDV5o9eTnBLJ/HszWV0P73bc+Ff4nS/rJj+YaS6IGyiOL0VoBYX+l1Wrl3k63h/KrH+nhJ0XvQ=="
        },
        "node_modules/jsonc-parser": {
            "version": "3.3.1",
            "resolved": "https://mirrors.cloud.tencent.com/npm/jsonc-parser/-/jsonc-parser-3.3.1.tgz",
            "integrity": "sha512-HUgH65KyejrUFPvHFPbqOY0rsFip3Bo5wb4ngvdi1EpCYWUQDC5V+Y7mZws+DLkr4M//zQJoanu1SP+87Dv1oQ==",
            "dev": true
        },
        "node_modules/jsonfile": {
            "version": "6.1.0",
            "resolved": "https://mirrors.cloud.tencent.com/npm/jsonfile/-/jsonfile-6.1.0.tgz",
            "integrity": "sha512-5dgndWOriYSm5cnYaJNhalLNDKOqFwyDB/rr1E9ZsGciGvKPs8R2xYGCacuf3z6K1YKDz182fd+fY3cn3pMqXQ==",
            "dependencies": {
                "universalify": "^2.0.0"
            },
            "optionalDependencies": {
                "graceful-fs": "^4.1.6"
            }
        },
        "node_modules/lunr": {
            "version": "2.3.9",
            "resolved": "https://mirrors.cloud.tencent.com/npm/lunr/-/lunr-2.3.9.tgz",
            "integrity": "sha512-zTU3DaZaF3Rt9rhN3uBMGQD3dD2/vFQqnvZCDv4dl5iOzq2IZQqTxu90r4E5J+nP70J3ilqVCrbho2eWaeW8Ow==",
            "dev": true
        },
        "node_modules/magic-string": {
            "version": "0.30.12",
            "resolved": "https://mirrors.cloud.tencent.com/npm/magic-string/-/magic-string-0.30.12.tgz",
            "integrity": "sha512-Ea8I3sQMVXr8JhN4z+H/d8zwo+tYDgHE9+5G4Wnrwhs0gaK9fXTKx0Tw5Xwsd/bCPTTZNRAdpyzvoeORe9LYpw==",
            "dependencies": {
                "@jridgewell/sourcemap-codec": "^1.5.0"
            }
        },
        "node_modules/marked": {
            "version": "4.3.0",
            "resolved": "https://mirrors.cloud.tencent.com/npm/marked/-/marked-4.3.0.tgz",
            "integrity": "sha512-PRsaiG84bK+AMvxziE/lCFss8juXjNaWzVbN5tXAm4XjeaS9NAHhop+PjQxz2A9h8Q4M/xGmzP8vqNwy6JeK0A==",
            "dev": true,
            "bin": {
                "marked": "bin/marked.js"
            },
            "engines": {
                "node": ">= 12"
            }
        },
        "node_modules/mime-db": {
            "version": "1.52.0",
            "resolved": "https://mirrors.cloud.tencent.com/npm/mime-db/-/mime-db-1.52.0.tgz",
            "integrity": "sha512-sPU4uV7dYlvtWJxwwxHD0PuihVNiE7TyAbQ5SWxDCB9mUYvOgroQOwYQQOKPJ8CIbE+1ETVlOoK1UC2nU3gYvg==",
            "engines": {
                "node": ">= 0.6"
            }
        },
        "node_modules/mime-types": {
            "version": "2.1.35",
            "resolved": "https://mirrors.cloud.tencent.com/npm/mime-types/-/mime-types-2.1.35.tgz",
            "integrity": "sha512-ZDY+bPm5zTTF+YpCrAU9nK0UgICYPT0QtT1NZWFv4s++TNkcgVaT0g6+4R2uI4MjQjzysHB1zxuWL50hzaeXiw==",
            "dependencies": {
                "mime-db": "1.52.0"
            },
            "engines": {
                "node": ">= 0.6"
            }
        },
        "node_modules/minimatch": {
            "version": "7.4.6",
            "resolved": "https://mirrors.cloud.tencent.com/npm/minimatch/-/minimatch-7.4.6.tgz",
            "integrity": "sha512-sBz8G/YjVniEz6lKPNpKxXwazJe4c19fEfV2GDMX6AjFz+MX9uDWIZW8XreVhkFW3fkIdTv/gxWr/Kks5FFAVw==",
            "dev": true,
            "dependencies": {
                "brace-expansion": "^2.0.1"
            },
            "engines": {
                "node": ">=10"
            },
            "funding": {
                "url": "https://github.com/sponsors/isaacs"
            }
        },
        "node_modules/nanoid": {
            "version": "3.3.7",
            "resolved": "https://mirrors.cloud.tencent.com/npm/nanoid/-/nanoid-3.3.7.tgz",
            "integrity": "sha512-eSRppjcPIatRIMC1U6UngP8XFcz8MQWGQdt1MTBQ7NaAmvXDfvNxbvWV3x2y6CdEUciCSsDHDQZbhYaB8QEo2g==",
            "funding": [
                {
                    "type": "github",
                    "url": "https://github.com/sponsors/ai"
                }
            ],
            "bin": {
                "nanoid": "bin/nanoid.cjs"
            },
            "engines": {
                "node": "^10 || ^12 || ^13.7 || ^14 || >=15.0.1"
            }
        },
        "node_modules/picocolors": {
            "version": "1.1.1",
            "resolved": "https://mirrors.cloud.tencent.com/npm/picocolors/-/picocolors-1.1.1.tgz",
            "integrity": "sha512-xceH2snhtb5M9liqDsmEw56le376mTZkEX/jEb/RxNFyegNul7eNslCXP9FDj/Lcu0X8KEyMceP2ntpaHrDEVA=="
        },
        "node_modules/postcss": {
            "version": "8.4.47",
            "resolved": "https://mirrors.cloud.tencent.com/npm/postcss/-/postcss-8.4.47.tgz",
            "integrity": "sha512-56rxCq7G/XfB4EkXq9Egn5GCqugWvDFjafDOThIdMBsI15iqPqR5r15TfSr1YPYeEI19YeaXMCbY6u88Y76GLQ==",
            "funding": [
                {
                    "type": "opencollective",
                    "url": "https://opencollective.com/postcss/"
                },
                {
                    "type": "tidelift",
                    "url": "https://tidelift.com/funding/github/npm/postcss"
                },
                {
                    "type": "github",
                    "url": "https://github.com/sponsors/ai"
                }
            ],
            "dependencies": {
                "nanoid": "^3.3.7",
                "picocolors": "^1.1.0",
                "source-map-js": "^1.2.1"
            },
            "engines": {
                "node": "^10 || ^12 || >=14"
            }
        },
        "node_modules/proxy-from-env": {
            "version": "1.1.0",
            "resolved": "https://mirrors.cloud.tencent.com/npm/proxy-from-env/-/proxy-from-env-1.1.0.tgz",
            "integrity": "sha512-D+zkORCbA9f1tdWRK0RaCR3GPv50cMxcrz4X8k5LTSUD1Dkw47mKJEZQNunItRTkWwgtaUSo1RVFRIG9ZXiFYg=="
        },
        "node_modules/shiki": {
            "version": "0.14.7",
            "resolved": "https://mirrors.cloud.tencent.com/npm/shiki/-/shiki-0.14.7.tgz",
            "integrity": "sha512-dNPAPrxSc87ua2sKJ3H5dQ/6ZaY8RNnaAqK+t0eG7p0Soi2ydiqbGOTaZCqaYvA/uZYfS1LJnemt3Q+mSfcPCg==",
            "dev": true,
            "dependencies": {
                "ansi-sequence-parser": "^1.1.0",
                "jsonc-parser": "^3.2.0",
                "vscode-oniguruma": "^1.7.0",
                "vscode-textmate": "^8.0.0"
            }
        },
        "node_modules/source-map-js": {
            "version": "1.2.1",
            "resolved": "https://mirrors.cloud.tencent.com/npm/source-map-js/-/source-map-js-1.2.1.tgz",
            "integrity": "sha512-UXWMKhLOwVKb728IUtQPXxfYU+usdybtUrK/8uGE8CQMvrhOpwvzDBwj0QhSL7MQc7vIsISBG8VQ8+IDQxpfQA==",
            "engines": {
                "node": ">=0.10.0"
            }
        },
        "node_modules/systeminformation": {
            "version": "5.23.5",
            "resolved": "https://mirrors.cloud.tencent.com/npm/systeminformation/-/systeminformation-5.23.5.tgz",
            "integrity": "sha512-PEpJwhRYxZgBCAlWZhWIgfMTjXLqfcaZ1pJsJn9snWNfBW/Z1YQg1mbIUSWrEV3ErAHF7l/OoVLQeaZDlPzkpA==",
            "os": [
                "darwin",
                "linux",
                "win32",
                "freebsd",
                "openbsd",
                "netbsd",
                "sunos",
                "android"
            ],
            "bin": {
                "systeminformation": "lib/cli.js"
            },
            "engines": {
                "node": ">=8.0.0"
            },
            "funding": {
                "type": "Buy me a coffee",
                "url": "https://www.buymeacoffee.com/systeminfo"
            }
        },
        "node_modules/to-fast-properties": {
            "version": "2.0.0",
            "resolved": "https://mirrors.cloud.tencent.com/npm/to-fast-properties/-/to-fast-properties-2.0.0.tgz",
            "integrity": "sha1-3F5pjL0HkmW8c+A3doGk5Og/YW4=",
            "engines": {
                "node": ">=4"
            }
        },
        "node_modules/typedoc": {
            "version": "0.23.28",
            "resolved": "https://mirrors.cloud.tencent.com/npm/typedoc/-/typedoc-0.23.28.tgz",
            "integrity": "sha512-9x1+hZWTHEQcGoP7qFmlo4unUoVJLB0H/8vfO/7wqTnZxg4kPuji9y3uRzEu0ZKez63OJAUmiGhUrtukC6Uj3w==",
            "dev": true,
            "dependencies": {
                "lunr": "^2.3.9",
                "marked": "^4.2.12",
                "minimatch": "^7.1.3",
                "shiki": "^0.14.1"
            },
            "bin": {
                "typedoc": "bin/typedoc"
            },
            "engines": {
                "node": ">= 14.14"
            },
            "peerDependencies": {
                "typescript": "4.6.x || 4.7.x || 4.8.x || 4.9.x || 5.0.x"
            }
        },
        "node_modules/typescript": {
            "version": "4.9.5",
            "resolved": "https://mirrors.cloud.tencent.com/npm/typescript/-/typescript-4.9.5.tgz",
            "integrity": "sha512-1FXk9E2Hm+QzZQ7z+McJiHL4NW1F2EzMu9Nq9i3zAaGqibafqYwCVU6WyWAuyQRRzOlxou8xZSyXLEN8oKj24g==",
            "devOptional": true,
            "bin": {
                "tsc": "bin/tsc",
                "tsserver": "bin/tsserver"
            },
            "engines": {
                "node": ">=4.2.0"
            }
        },
        "node_modules/undici-types": {
            "version": "6.19.8",
            "resolved": "https://mirrors.cloud.tencent.com/npm/undici-types/-/undici-types-6.19.8.tgz",
            "integrity": "sha512-ve2KP6f/JnbPBFyobGHuerC9g1FYGn/F8n1LWTwNxCEzd6IfqTwUQcNXgEtmmQ6DlRrC1hrSrBnCZPokRrDHjw==",
            "dev": true
        },
        "node_modules/universalify": {
            "version": "2.0.1",
            "resolved": "https://mirrors.cloud.tencent.com/npm/universalify/-/universalify-2.0.1.tgz",
            "integrity": "sha512-gptHNQghINnc/vTGIk0SOFGFNXw7JVrlRUtConJRlvaw6DuX0wO5Jeko9sWrMBhh+PsYAZ7oXAiOnf/UKogyiw==",
            "engines": {
                "node": ">= 10.0.0"
            }
        },
        "node_modules/vscode-oniguruma": {
            "version": "1.7.0",
            "resolved": "https://mirrors.cloud.tencent.com/npm/vscode-oniguruma/-/vscode-oniguruma-1.7.0.tgz",
            "integrity": "sha512-L9WMGRfrjOhgHSdOYgCt/yRMsXzLDJSL7BPrOZt73gU0iWO4mpqzqQzOz5srxqTvMBaR0XZTSrVWo4j55Rc6cA==",
            "dev": true
        },
        "node_modules/vscode-textmate": {
            "version": "8.0.0",
            "resolved": "https://mirrors.cloud.tencent.com/npm/vscode-textmate/-/vscode-textmate-8.0.0.tgz",
            "integrity": "sha512-AFbieoL7a5LMqcnOF04ji+rpXadgOXnZsxQr//r83kLPr7biP7am3g9zbaZIaBGwBRWeSvoMD4mgPdX3e4NWBg==",
            "dev": true
        },
        "node_modules/vue": {
            "version": "3.5.12",
            "resolved": "https://mirrors.cloud.tencent.com/npm/vue/-/vue-3.5.12.tgz",
            "integrity": "sha512-CLVZtXtn2ItBIi/zHZ0Sg1Xkb7+PU32bJJ8Bmy7ts3jxXTcbfsEfBivFYYWz1Hur+lalqGAh65Coin0r+HRUfg==",
            "dependencies": {
                "@vue/compiler-dom": "3.5.12",
                "@vue/compiler-sfc": "3.5.12",
                "@vue/runtime-dom": "3.5.12",
                "@vue/server-renderer": "3.5.12",
                "@vue/shared": "3.5.12"
            },
            "peerDependencies": {
                "typescript": "*"
            },
            "peerDependenciesMeta": {
                "typescript": {
                    "optional": true
                }
            }
        }
    }
}
